
Microsoft Visual Studio Solution File, Format Version 12.00
# Visual Studio Version 17
VisualStudioVersion = 17.13.35806.99 d17.13
MinimumVisualStudioVersion = 10.0.40219.1
Project("{FAE04EC0-301F-11D3-BF4B-00C04F79EFBC}") = "Licencse", "Licencse\Licencse.csproj", "{05AE2809-61BE-4478-91C8-A452CF0CDB66}"
EndProject
Global
	GlobalSection(SolutionConfigurationPlatforms) = preSolution
		Debug|Any CPU = Debug|Any CPU
		Release|Any CPU = Release|Any CPU
	EndGlobalSection
	GlobalSection(ProjectConfigurationPlatforms) = postSolution
		{05AE2809-61BE-4478-91C8-A452CF0CDB66}.Debug|Any CPU.ActiveCfg = Debug|Any CPU
		{05AE2809-61BE-4478-91C8-A452CF0CDB66}.Debug|Any CPU.Build.0 = Debug|Any CPU
		{05AE2809-61BE-4478-91C8-A452CF0CDB66}.Release|Any CPU.ActiveCfg = Release|Any CPU
		{05AE2809-61BE-4478-91C8-A452CF0CDB66}.Release|Any CPU.Build.0 = Release|Any CPU
	EndGlobalSection
	GlobalSection(SolutionProperties) = preSolution
		HideSolutionNode = FALSE
	EndGlobalSection
	GlobalSection(ExtensibilityGlobals) = postSolution
		SolutionGuid = {34A3F330-E416-468E-AE4F-515A8167C021}
	EndGlobalSection
EndGlobal
